
Microsoft Visual Studio Solution File, Format Version 12.00
# Visual Studio Version 17
VisualStudioVersion = 17.9.34607.119
MinimumVisualStudioVersion = 10.0.40219.1
Project("{FAE04EC0-301F-11D3-BF4B-00C04F79EFBC}") = "Contacts", "Contacts\Contacts.csproj", "{3A417092-EDAB-4C5B-991F-37B4C0D4377D}"
EndProject
Global
	GlobalSection(SolutionConfigurationPlatforms) = preSolution
		Debug|Any CPU = Debug|Any CPU
		Release|Any CPU = Release|Any CPU
	EndGlobalSection
	GlobalSection(ProjectConfigurationPlatforms) = postSolution
		{3A417092-EDAB-4C5B-991F-37B4C0D4377D}.Debug|Any CPU.ActiveCfg = Debug|Any CPU
		{3A417092-EDAB-4C5B-991F-37B4C0D4377D}.Debug|Any CPU.Build.0 = Debug|Any CPU
		{3A417092-EDAB-4C5B-991F-37B4C0D4377D}.Debug|Any CPU.Deploy.0 = Debug|Any CPU
		{3A417092-EDAB-4C5B-991F-37B4C0D4377D}.Release|Any CPU.ActiveCfg = Release|Any CPU
		{3A417092-EDAB-4C5B-991F-37B4C0D4377D}.Release|Any CPU.Build.0 = Release|Any CPU
		{3A417092-EDAB-4C5B-991F-37B4C0D4377D}.Release|Any CPU.Deploy.0 = Release|Any CPU
	EndGlobalSection
	GlobalSection(SolutionProperties) = preSolution
		HideSolutionNode = FALSE
	EndGlobalSection
	GlobalSection(ExtensibilityGlobals) = postSolution
		SolutionGuid = {04B39711-27E3-43A6-BD36-952C17829BA8}
	EndGlobalSection
EndGlobal
